{
  "name": "nextjs",
  "lockfileVersion": 2,
  "requires": true,
  "packages": {
    "": {
      "dependencies": {
        "@types/lodash": "^4.17.0",
        "fast-sort": "^3.4.0",
        "lodash": "^4.17.21",
        "moment": "^2.30.1"
      }
    },
    "node_modules/@types/lodash": {
      "version": "4.17.0",
      "resolved": "https://registry.npmjs.org/@types/lodash/-/lodash-4.17.0.tgz",
      "integrity": "sha512-t7dhREVv6dbNj0q17X12j7yDG4bD/DHYX7o5/DbDxobP0HnGPgpRz2Ej77aL7TZT3DSw13fqUTj8J4mMnqa7WA=="
    },
    "node_modules/fast-sort": {
      "version": "3.4.0",
      "resolved": "https://registry.npmjs.org/fast-sort/-/fast-sort-3.4.0.tgz",
      "integrity": "sha512-c/cMBGA5mH3OYjaXedtLIM3hQjv+KuZuiD2QEH5GofNOZeQVDIYIN7Okc2AW1KPhk44g5PTZnXp8t2lOMl8qhQ=="
    },
    "node_modules/lodash": {
      "version": "4.17.21",
      "resolved": "https://registry.npmjs.org/lodash/-/lodash-4.17.21.tgz",
      "integrity": "sha512-v2kDEe57lecTulaDIuNTPy3Ry4gLGJ6Z1O3vE1krgXZNrsQ+LFTGHVxVjcXPs17LhbZVGedAJv8XZ1tvj5FvSg=="
    },
    "node_modules/moment": {
      "version": "2.30.1",
      "resolved": "https://registry.npmjs.org/moment/-/moment-2.30.1.tgz",
      "integrity": "sha512-uEmtNhbDOrWPFS+hdjFCBfy9f2YoyzRpwcl+DqpC6taX21FzsTLQVbMV/W7PzNSX6x/bhC1zA3c2UQ5NzH6how==",
      "engines": {
        "node": "*"
      }
    }
  },
  "dependencies": {
    "@types/lodash": {
      "version": "4.17.0",
      "resolved": "https://registry.npmjs.org/@types/lodash/-/lodash-4.17.0.tgz",
      "integrity": "sha512-t7dhREVv6dbNj0q17X12j7yDG4bD/DHYX7o5/DbDxobP0HnGPgpRz2Ej77aL7TZT3DSw13fqUTj8J4mMnqa7WA=="
    },
    "fast-sort": {
      "version": "3.4.0",
      "resolved": "https://registry.npmjs.org/fast-sort/-/fast-sort-3.4.0.tgz",
      "integrity": "sha512-c/cMBGA5mH3OYjaXedtLIM3hQjv+KuZuiD2QEH5GofNOZeQVDIYIN7Okc2AW1KPhk44g5PTZnXp8t2lOMl8qhQ=="
    },
    "lodash": {
      "version": "4.17.21",
      "resolved": "https://registry.npmjs.org/lodash/-/lodash-4.17.21.tgz",
      "integrity": "sha512-v2kDEe57lecTulaDIuNTPy3Ry4gLGJ6Z1O3vE1krgXZNrsQ+LFTGHVxVjcXPs17LhbZVGedAJv8XZ1tvj5FvSg=="
    },
    "moment": {
      "version": "2.30.1",
      "resolved": "https://registry.npmjs.org/moment/-/moment-2.30.1.tgz",
      "integrity": "sha512-uEmtNhbDOrWPFS+hdjFCBfy9f2YoyzRpwcl+DqpC6taX21FzsTLQVbMV/W7PzNSX6x/bhC1zA3c2UQ5NzH6how=="
    }
  }
}
